
Microsoft Visual Studio Solution File, Format Version 12.00
# Visual Studio 15
VisualStudioVersion = 15.0.27004.2005
MinimumVisualStudioVersion = 10.0.40219.1
Project("{FAE04EC0-301F-11D3-BF4B-00C04F79EFBC}") = "Translator", "Translator\Translator.csproj", "{B3FAB66A-0718-4CD5-8694-B14A902E7C76}"
EndProject
Global
	GlobalSection(SolutionConfigurationPlatforms) = preSolution
		Debug|Any CPU = Debug|Any CPU
		Release|Any CPU = Release|Any CPU
	EndGlobalSection
	GlobalSection(ProjectConfigurationPlatforms) = postSolution
		{B3FAB66A-0718-4CD5-8694-B14A902E7C76}.Debug|Any CPU.ActiveCfg = Debug|Any CPU
		{B3FAB66A-0718-4CD5-8694-B14A902E7C76}.Debug|Any CPU.Build.0 = Debug|Any CPU
		{B3FAB66A-0718-4CD5-8694-B14A902E7C76}.Release|Any CPU.ActiveCfg = Release|Any CPU
		{B3FAB66A-0718-4CD5-8694-B14A902E7C76}.Release|Any CPU.Build.0 = Release|Any CPU
	EndGlobalSection
	GlobalSection(SolutionProperties) = preSolution
		HideSolutionNode = FALSE
	EndGlobalSection
	GlobalSection(ExtensibilityGlobals) = postSolution
		SolutionGuid = {717C3093-19C5-4E8F-A3B6-DF2F988A728A}
	EndGlobalSection
EndGlobal
